
Microsoft Visual Studio Solution File, Format Version 12.00
# Visual Studio 15
VisualStudioVersion = 15.0.26124.0
MinimumVisualStudioVersion = 15.0.26124.0
Project("{2150E333-8FDC-42A3-9474-1A3956D46DE8}") = "src", "src", "{C31F05E4-5C64-488C-913F-4888E9DF8F63}"
EndProject
Project("{FAE04EC0-301F-11D3-BF4B-00C04F79EFBC}") = "GradeBook", "src\GradeBook\GradeBook.csproj", "{198F3778-4840-4AD6-9FF6-21EA3F1D51CF}"
EndProject
Project("{2150E333-8FDC-42A3-9474-1A3956D46DE8}") = "test", "test", "{58360FF7-C7CA-4CEA-86D8-73A359A42297}"
EndProject
Project("{FAE04EC0-301F-11D3-BF4B-00C04F79EFBC}") = "GradeBook.Tests", "test\GradeBook.Tests\GradeBook.Tests.csproj", "{8C4C94AC-A247-4048-8A33-9BAE87AA4BF7}"
EndProject
Global
	GlobalSection(SolutionConfigurationPlatforms) = preSolution
		Debug|Any CPU = Debug|Any CPU
		Debug|x64 = Debug|x64
		Debug|x86 = Debug|x86
		Release|Any CPU = Release|Any CPU
		Release|x64 = Release|x64
		Release|x86 = Release|x86
	EndGlobalSection
	GlobalSection(SolutionProperties) = preSolution
		HideSolutionNode = FALSE
	EndGlobalSection
	GlobalSection(ProjectConfigurationPlatforms) = postSolution
		{198F3778-4840-4AD6-9FF6-21EA3F1D51CF}.Debug|Any CPU.ActiveCfg = Debug|Any CPU
		{198F3778-4840-4AD6-9FF6-21EA3F1D51CF}.Debug|Any CPU.Build.0 = Debug|Any CPU
		{198F3778-4840-4AD6-9FF6-21EA3F1D51CF}.Debug|x64.ActiveCfg = Debug|Any CPU
		{198F3778-4840-4AD6-9FF6-21EA3F1D51CF}.Debug|x64.Build.0 = Debug|Any CPU
		{198F3778-4840-4AD6-9FF6-21EA3F1D51CF}.Debug|x86.ActiveCfg = Debug|Any CPU
		{198F3778-4840-4AD6-9FF6-21EA3F1D51CF}.Debug|x86.Build.0 = Debug|Any CPU
		{198F3778-4840-4AD6-9FF6-21EA3F1D51CF}.Release|Any CPU.ActiveCfg = Release|Any CPU
		{198F3778-4840-4AD6-9FF6-21EA3F1D51CF}.Release|Any CPU.Build.0 = Release|Any CPU
		{198F3778-4840-4AD6-9FF6-21EA3F1D51CF}.Release|x64.ActiveCfg = Release|Any CPU
		{198F3778-4840-4AD6-9FF6-21EA3F1D51CF}.Release|x64.Build.0 = Release|Any CPU
		{198F3778-4840-4AD6-9FF6-21EA3F1D51CF}.Release|x86.ActiveCfg = Release|Any CPU
		{198F3778-4840-4AD6-9FF6-21EA3F1D51CF}.Release|x86.Build.0 = Release|Any CPU
		{8C4C94AC-A247-4048-8A33-9BAE87AA4BF7}.Debug|Any CPU.ActiveCfg = Debug|Any CPU
		{8C4C94AC-A247-4048-8A33-9BAE87AA4BF7}.Debug|Any CPU.Build.0 = Debug|Any CPU
		{8C4C94AC-A247-4048-8A33-9BAE87AA4BF7}.Debug|x64.ActiveCfg = Debug|Any CPU
		{8C4C94AC-A247-4048-8A33-9BAE87AA4BF7}.Debug|x64.Build.0 = Debug|Any CPU
		{8C4C94AC-A247-4048-8A33-9BAE87AA4BF7}.Debug|x86.ActiveCfg = Debug|Any CPU
		{8C4C94AC-A247-4048-8A33-9BAE87AA4BF7}.Debug|x86.Build.0 = Debug|Any CPU
		{8C4C94AC-A247-4048-8A33-9BAE87AA4BF7}.Release|Any CPU.ActiveCfg = Release|Any CPU
		{8C4C94AC-A247-4048-8A33-9BAE87AA4BF7}.Release|Any CPU.Build.0 = Release|Any CPU
		{8C4C94AC-A247-4048-8A33-9BAE87AA4BF7}.Release|x64.ActiveCfg = Release|Any CPU
		{8C4C94AC-A247-4048-8A33-9BAE87AA4BF7}.Release|x64.Build.0 = Release|Any CPU
		{8C4C94AC-A247-4048-8A33-9BAE87AA4BF7}.Release|x86.ActiveCfg = Release|Any CPU
		{8C4C94AC-A247-4048-8A33-9BAE87AA4BF7}.Release|x86.Build.0 = Release|Any CPU
	EndGlobalSection
	GlobalSection(NestedProjects) = preSolution
		{198F3778-4840-4AD6-9FF6-21EA3F1D51CF} = {C31F05E4-5C64-488C-913F-4888E9DF8F63}
		{8C4C94AC-A247-4048-8A33-9BAE87AA4BF7} = {58360FF7-C7CA-4CEA-86D8-73A359A42297}
	EndGlobalSection
EndGlobal
